# THIS IS AN AUTOGENERATED FILE. DO NOT EDIT THIS FILE DIRECTLY.
# yarn lockfile v1


posthog-js@^1.4.5:
  version "1.4.5"
  resolved "https://registry.yarnpkg.com/posthog-js/-/posthog-js-1.4.5.tgz#b16235afe47938bd71eaed4ede3790c8b910ed71"
  integrity sha512-Rzc5/DpuX55BqwNEbZB0tLav1gEinnr5H+82cbLiMtXLADlxmCwZiEaVXcC3XOqW0x8bcAEehicx1TbpfBamzA==
